
Microsoft Visual Studio Solution File, Format Version 12.00
# Visual Studio Version 17
VisualStudioVersion = 17.0.32112.339
MinimumVisualStudioVersion = 10.0.40219.1
Project("{9A19103F-16F7-4668-BE54-9A1E7A4F7556}") = "ThreadTestProj1", "ThreadTestProj\ThreadTestProj1.csproj", "{EBE6AF77-0251-4115-B0EF-1AE537B35BFC}"
EndProject
Project("{9A19103F-16F7-4668-BE54-9A1E7A4F7556}") = "ThreadTestProj2", "ThreadTestProj2\ThreadTestProj2.csproj", "{6A299A87-3E84-486A-8B03-9761868F381C}"
EndProject
Project("{FAE04EC0-301F-11D3-BF4B-00C04F79EFBC}") = "ThreadTestProj3", "ThreadTestProj3\ThreadTestProj3.csproj", "{296B73AD-BE0B-4035-BB7F-8D4D8ED940B9}"
EndProject
Global
	GlobalSection(SolutionConfigurationPlatforms) = preSolution
		Debug|Any CPU = Debug|Any CPU
		Release|Any CPU = Release|Any CPU
	EndGlobalSection
	GlobalSection(ProjectConfigurationPlatforms) = postSolution
		{EBE6AF77-0251-4115-B0EF-1AE537B35BFC}.Debug|Any CPU.ActiveCfg = Debug|Any CPU
		{EBE6AF77-0251-4115-B0EF-1AE537B35BFC}.Debug|Any CPU.Build.0 = Debug|Any CPU
		{EBE6AF77-0251-4115-B0EF-1AE537B35BFC}.Release|Any CPU.ActiveCfg = Release|Any CPU
		{EBE6AF77-0251-4115-B0EF-1AE537B35BFC}.Release|Any CPU.Build.0 = Release|Any CPU
		{6A299A87-3E84-486A-8B03-9761868F381C}.Debug|Any CPU.ActiveCfg = Debug|Any CPU
		{6A299A87-3E84-486A-8B03-9761868F381C}.Debug|Any CPU.Build.0 = Debug|Any CPU
		{6A299A87-3E84-486A-8B03-9761868F381C}.Release|Any CPU.ActiveCfg = Release|Any CPU
		{6A299A87-3E84-486A-8B03-9761868F381C}.Release|Any CPU.Build.0 = Release|Any CPU
		{296B73AD-BE0B-4035-BB7F-8D4D8ED940B9}.Debug|Any CPU.ActiveCfg = Debug|Any CPU
		{296B73AD-BE0B-4035-BB7F-8D4D8ED940B9}.Debug|Any CPU.Build.0 = Debug|Any CPU
		{296B73AD-BE0B-4035-BB7F-8D4D8ED940B9}.Release|Any CPU.ActiveCfg = Release|Any CPU
		{296B73AD-BE0B-4035-BB7F-8D4D8ED940B9}.Release|Any CPU.Build.0 = Release|Any CPU
	EndGlobalSection
	GlobalSection(SolutionProperties) = preSolution
		HideSolutionNode = FALSE
	EndGlobalSection
	GlobalSection(ExtensibilityGlobals) = postSolution
		SolutionGuid = {7E3C8527-5AD9-4094-AF1A-1CA156946207}
	EndGlobalSection
EndGlobal
